
Microsoft Visual Studio Solution File, Format Version 12.00
# Visual Studio Version 17
VisualStudioVersion = 17.4.33213.308
MinimumVisualStudioVersion = 10.0.40219.1
Project("{FAE04EC0-301F-11D3-BF4B-00C04F79EFBC}") = "carro", "carro\carro.csproj", "{4DA69966-41C3-4574-BD1E-85294DB27D6A}"
EndProject
Global
	GlobalSection(SolutionConfigurationPlatforms) = preSolution
		Debug|Any CPU = Debug|Any CPU
		Release|Any CPU = Release|Any CPU
	EndGlobalSection
	GlobalSection(ProjectConfigurationPlatforms) = postSolution
		{4DA69966-41C3-4574-BD1E-85294DB27D6A}.Debug|Any CPU.ActiveCfg = Debug|Any CPU
		{4DA69966-41C3-4574-BD1E-85294DB27D6A}.Debug|Any CPU.Build.0 = Debug|Any CPU
		{4DA69966-41C3-4574-BD1E-85294DB27D6A}.Release|Any CPU.ActiveCfg = Release|Any CPU
		{4DA69966-41C3-4574-BD1E-85294DB27D6A}.Release|Any CPU.Build.0 = Release|Any CPU
	EndGlobalSection
	GlobalSection(SolutionProperties) = preSolution
		HideSolutionNode = FALSE
	EndGlobalSection
	GlobalSection(ExtensibilityGlobals) = postSolution
		SolutionGuid = {3C52883F-CF5E-4AD3-93E0-6AF9B3F01F21}
	EndGlobalSection
EndGlobal
